
Microsoft Visual Studio Solution File, Format Version 12.00
# Visual Studio 2013
VisualStudioVersion = 12.0.31101.0
MinimumVisualStudioVersion = 10.0.40219.1
Project("{FAE04EC0-301F-11D3-BF4B-00C04F79EFBC}") = "AnizanHelper", "AnizanHelper\AnizanHelper.csproj", "{C4F3E160-4ADE-438F-9BC8-4B8F2EB1CE3D}"
EndProject
Project("{2150E333-8FDC-42A3-9474-1A3956D46DE8}") = ".nuget", ".nuget", "{B4349AC6-0BAE-45A4-A299-BE8FAC9C65F2}"
	ProjectSection(SolutionItems) = preProject
		.nuget\NuGet.Config = .nuget\NuGet.Config
		.nuget\NuGet.exe = .nuget\NuGet.exe
		.nuget\NuGet.targets = .nuget\NuGet.targets
	EndProjectSection
EndProject
Project("{2150E333-8FDC-42A3-9474-1A3956D46DE8}") = "Twintail", "Twintail", "{8CC1E7D4-8020-4186-BDA1-C035FA50EE57}"
EndProject
Project("{FAE04EC0-301F-11D3-BF4B-00C04F79EFBC}") = "CSharpSamples", "Twintail\CSharpSamples\CSharpSamples.csproj", "{A941B03E-81A7-4B6B-934E-A015057C39DA}"
EndProject
Project("{FAE04EC0-301F-11D3-BF4B-00C04F79EFBC}") = "Twintail Library", "Twintail\Twintail Project\ch2Solution\twin\Twintail Library.csproj", "{1F43686D-EF23-4DDB-AF4B-0F391B5A4AAA}"
EndProject
Global
	GlobalSection(SolutionConfigurationPlatforms) = preSolution
		Debug|Any CPU = Debug|Any CPU
		Debug|Itanium = Debug|Itanium
		Debug|x64 = Debug|x64
		Release|Any CPU = Release|Any CPU
		Release|Itanium = Release|Itanium
		Release|x64 = Release|x64
	EndGlobalSection
	GlobalSection(ProjectConfigurationPlatforms) = postSolution
		{C4F3E160-4ADE-438F-9BC8-4B8F2EB1CE3D}.Debug|Any CPU.ActiveCfg = Debug|Any CPU
		{C4F3E160-4ADE-438F-9BC8-4B8F2EB1CE3D}.Debug|Any CPU.Build.0 = Debug|Any CPU
		{C4F3E160-4ADE-438F-9BC8-4B8F2EB1CE3D}.Debug|Itanium.ActiveCfg = Debug|Any CPU
		{C4F3E160-4ADE-438F-9BC8-4B8F2EB1CE3D}.Debug|x64.ActiveCfg = Debug|Any CPU
		{C4F3E160-4ADE-438F-9BC8-4B8F2EB1CE3D}.Release|Any CPU.ActiveCfg = Release|Any CPU
		{C4F3E160-4ADE-438F-9BC8-4B8F2EB1CE3D}.Release|Any CPU.Build.0 = Release|Any CPU
		{C4F3E160-4ADE-438F-9BC8-4B8F2EB1CE3D}.Release|Itanium.ActiveCfg = Release|Any CPU
		{C4F3E160-4ADE-438F-9BC8-4B8F2EB1CE3D}.Release|x64.ActiveCfg = Release|Any CPU
		{A941B03E-81A7-4B6B-934E-A015057C39DA}.Debug|Any CPU.ActiveCfg = Debug|Any CPU
		{A941B03E-81A7-4B6B-934E-A015057C39DA}.Debug|Any CPU.Build.0 = Debug|Any CPU
		{A941B03E-81A7-4B6B-934E-A015057C39DA}.Debug|Itanium.ActiveCfg = Debug|Itanium
		{A941B03E-81A7-4B6B-934E-A015057C39DA}.Debug|Itanium.Build.0 = Debug|Itanium
		{A941B03E-81A7-4B6B-934E-A015057C39DA}.Debug|x64.ActiveCfg = Debug|x64
		{A941B03E-81A7-4B6B-934E-A015057C39DA}.Debug|x64.Build.0 = Debug|x64
		{A941B03E-81A7-4B6B-934E-A015057C39DA}.Release|Any CPU.ActiveCfg = Release|Any CPU
		{A941B03E-81A7-4B6B-934E-A015057C39DA}.Release|Any CPU.Build.0 = Release|Any CPU
		{A941B03E-81A7-4B6B-934E-A015057C39DA}.Release|Itanium.ActiveCfg = Release|Itanium
		{A941B03E-81A7-4B6B-934E-A015057C39DA}.Release|Itanium.Build.0 = Release|Itanium
		{A941B03E-81A7-4B6B-934E-A015057C39DA}.Release|x64.ActiveCfg = Release|x64
		{A941B03E-81A7-4B6B-934E-A015057C39DA}.Release|x64.Build.0 = Release|x64
		{1F43686D-EF23-4DDB-AF4B-0F391B5A4AAA}.Debug|Any CPU.ActiveCfg = Debug|Any CPU
		{1F43686D-EF23-4DDB-AF4B-0F391B5A4AAA}.Debug|Any CPU.Build.0 = Debug|Any CPU
		{1F43686D-EF23-4DDB-AF4B-0F391B5A4AAA}.Debug|Itanium.ActiveCfg = Debug|Itanium
		{1F43686D-EF23-4DDB-AF4B-0F391B5A4AAA}.Debug|Itanium.Build.0 = Debug|Itanium
		{1F43686D-EF23-4DDB-AF4B-0F391B5A4AAA}.Debug|x64.ActiveCfg = Debug|x64
		{1F43686D-EF23-4DDB-AF4B-0F391B5A4AAA}.Debug|x64.Build.0 = Debug|x64
		{1F43686D-EF23-4DDB-AF4B-0F391B5A4AAA}.Release|Any CPU.ActiveCfg = Release|Any CPU
		{1F43686D-EF23-4DDB-AF4B-0F391B5A4AAA}.Release|Any CPU.Build.0 = Release|Any CPU
		{1F43686D-EF23-4DDB-AF4B-0F391B5A4AAA}.Release|Itanium.ActiveCfg = Release|Itanium
		{1F43686D-EF23-4DDB-AF4B-0F391B5A4AAA}.Release|Itanium.Build.0 = Release|Itanium
		{1F43686D-EF23-4DDB-AF4B-0F391B5A4AAA}.Release|x64.ActiveCfg = Release|x64
		{1F43686D-EF23-4DDB-AF4B-0F391B5A4AAA}.Release|x64.Build.0 = Release|x64
	EndGlobalSection
	GlobalSection(SolutionProperties) = preSolution
		HideSolutionNode = FALSE
	EndGlobalSection
	GlobalSection(NestedProjects) = preSolution
		{A941B03E-81A7-4B6B-934E-A015057C39DA} = {8CC1E7D4-8020-4186-BDA1-C035FA50EE57}
		{1F43686D-EF23-4DDB-AF4B-0F391B5A4AAA} = {8CC1E7D4-8020-4186-BDA1-C035FA50EE57}
	EndGlobalSection
EndGlobal
